PODS:
  - Appirater (2.3.1)
  - SDWebImage (5.18.10):
    - SDWebImage/Core (= 5.18.10)
  - SDWebImage/Core (5.18.10)

DEPENDENCIES:
  - Appirater
  - SDWebImage

SPEC REPOS:
  trunk:
    - Appirater
    - SDWebImage

SPEC CHECKSUMS:
  Appirater: 44a4651f7912a17dc906b655f0c215d5bb768b84
  SDWebImage: fc8f2d48bbfd72ef39d70e981bd24a3f3be53fec

PODFILE CHECKSUM: 9ce59532e2f90c470caa5ba444f9c381728c75cb

COCOAPODS: 1.14.3
