// !$*UTF8*$!
{
	archiveVersion = 1;
	classes = {
	};
	objectVersion = 56;
	objects = {

/* Begin PBXBuildFile section */
		133BF8EA2B5ED74E00FEE43E /* PlaylistViewController.swift in Sources */ = {isa = PBXBuildFile; fileRef = 133BF8E92B5ED74E00FEE43E /* PlaylistViewController.swift */; };
		133BF8EC2B5ED83C00FEE43E /* PlaylistDetails.swift in Sources */ = {isa = PBXBuildFile; fileRef = 133BF8EB2B5ED83C00FEE43E /* PlaylistDetails.swift */; };
		133BF8EE2B5EDB3D00FEE43E /* PlaylistItem.swift in Sources */ = {isa = PBXBuildFile; fileRef = 133BF8ED2B5EDB3D00FEE43E /* PlaylistItem.swift */; };
		13418DA62B583BDF0039878B /* NetworkManager.swift in Sources */ = {isa = PBXBuildFile; fileRef = 13418DA52B583BDF0039878B /* NetworkManager.swift */; };
		13418DAF2B583BEF0039878B /* AlbumViewController.swift in Sources */ = {isa = PBXBuildFile; fileRef = 13418DAC2B583BEF0039878B /* AlbumViewController.swift */; };
		13418DB02B583BEF0039878B /* ArtistViewController.swift in Sources */ = {isa = PBXBuildFile; fileRef = 13418DA82B583BEE0039878B /* ArtistViewController.swift */; };
		13418DB42B583BEF0039878B /* LoginViewController.swift in Sources */ = {isa = PBXBuildFile; fileRef = 13418DAB2B583BEF0039878B /* LoginViewController.swift */; };
		13418DC32B583BFD0039878B /* Owner.swift in Sources */ = {isa = PBXBuildFile; fileRef = 13418DB82B583BFC0039878B /* Owner.swift */; };
		13418DCB2B583BFD0039878B /* Image.swift in Sources */ = {isa = PBXBuildFile; fileRef = 13418DC12B583BFD0039878B /* Image.swift */; };
		13418DCC2B583BFD0039878B /* PlaylistResponse.swift in Sources */ = {isa = PBXBuildFile; fileRef = 13418DB92B583BFC0039878B /* PlaylistResponse.swift */; };
		13418DCE2B583BFD0039878B /* Playlist.swift in Sources */ = {isa = PBXBuildFile; fileRef = 13418DBC2B583BFD0039878B /* Playlist.swift */; };
		13418DE22B583CB40039878B /* AuthorizationResponse.swift in Sources */ = {isa = PBXBuildFile; fileRef = 13418DE12B583C9A0039878B /* AuthorizationResponse.swift */; };
		136B058C2B5835CF005128F1 /* AppDelegate.swift in Sources */ = {isa = PBXBuildFile; fileRef = 136B058B2B5835CF005128F1 /* AppDelegate.swift */; };
		136B058E2B5835CF005128F1 /* SceneDelegate.swift in Sources */ = {isa = PBXBuildFile; fileRef = 136B058D2B5835CF005128F1 /* SceneDelegate.swift */; };
		136B05952B5835D1005128F1 /* Assets.xcassets in Resources */ = {isa = PBXBuildFile; fileRef = 136B05942B5835D1005128F1 /* Assets.xcassets */; };
		136B05982B5835D1005128F1 /* LaunchScreen.storyboard in Resources */ = {isa = PBXBuildFile; fileRef = 136B05962B5835D1005128F1 /* LaunchScreen.storyboard */; };
		13942E622BA03D7F00D0FD82 /* SearchResultViewController.swift in Sources */ = {isa = PBXBuildFile; fileRef = 13942E5B2BA03D7E00D0FD82 /* SearchResultViewController.swift */; };
		13942E632BA03D7F00D0FD82 /* SearchViewController.swift in Sources */ = {isa = PBXBuildFile; fileRef = 13942E5C2BA03D7E00D0FD82 /* SearchViewController.swift */; };
		13942E642BA03D7F00D0FD82 /* HomeViewController.swift in Sources */ = {isa = PBXBuildFile; fileRef = 13942E5E2BA03D7E00D0FD82 /* HomeViewController.swift */; };
		13942E652BA03D7F00D0FD82 /* LibraryViewController.swift in Sources */ = {isa = PBXBuildFile; fileRef = 13942E5F2BA03D7E00D0FD82 /* LibraryViewController.swift */; };
		13942E662BA03D7F00D0FD82 /* TabBarViewController.swift in Sources */ = {isa = PBXBuildFile; fileRef = 13942E602BA03D7E00D0FD82 /* TabBarViewController.swift */; };
		13942E7F2BA03D9700D0FD82 /* AlbumHeaderCollectionReusableView.swift in Sources */ = {isa = PBXBuildFile; fileRef = 13942E672BA03D9700D0FD82 /* AlbumHeaderCollectionReusableView.swift */; };
		13942E802BA03D9700D0FD82 /* ArtistHeaderCollectionReusableView.swift in Sources */ = {isa = PBXBuildFile; fileRef = 13942E682BA03D9700D0FD82 /* ArtistHeaderCollectionReusableView.swift */; };
		13942E812BA03D9700D0FD82 /* CollectionHeaderReusableView.swift in Sources */ = {isa = PBXBuildFile; fileRef = 13942E692BA03D9700D0FD82 /* CollectionHeaderReusableView.swift */; };
		13942E822BA03D9700D0FD82 /* PlaylistHeaderCollectionReusableView.swift in Sources */ = {isa = PBXBuildFile; fileRef = 13942E6A2BA03D9700D0FD82 /* PlaylistHeaderCollectionReusableView.swift */; };
		13942E832BA03D9700D0FD82 /* ArtistAlbumCollectionViewCell.swift in Sources */ = {isa = PBXBuildFile; fileRef = 13942E6C2BA03D9700D0FD82 /* ArtistAlbumCollectionViewCell.swift */; };
		13942E842BA03D9700D0FD82 /* ArtistPopularTrackCollectionViewCell.swift in Sources */ = {isa = PBXBuildFile; fileRef = 13942E6D2BA03D9700D0FD82 /* ArtistPopularTrackCollectionViewCell.swift */; };
		13942E852BA03D9700D0FD82 /* ArtistRecommandedCollectionViewCell.swift in Sources */ = {isa = PBXBuildFile; fileRef = 13942E6E2BA03D9700D0FD82 /* ArtistRecommandedCollectionViewCell.swift */; };
		13942E862BA03D9700D0FD82 /* FeaturedPlaylistCollectionViewCell.swift in Sources */ = {isa = PBXBuildFile; fileRef = 13942E702BA03D9700D0FD82 /* FeaturedPlaylistCollectionViewCell.swift */; };
		13942E872BA03D9700D0FD82 /* NewReleasedAlbumCollectionViewCell.swift in Sources */ = {isa = PBXBuildFile; fileRef = 13942E712BA03D9700D0FD82 /* NewReleasedAlbumCollectionViewCell.swift */; };
		13942E882BA03D9700D0FD82 /* RecommandedTracksCollectionViewCell.swift in Sources */ = {isa = PBXBuildFile; fileRef = 13942E722BA03D9700D0FD82 /* RecommandedTracksCollectionViewCell.swift */; };
		13942E892BA03D9700D0FD82 /* AlbumTrackCollectionViewCell.swift in Sources */ = {isa = PBXBuildFile; fileRef = 13942E742BA03D9700D0FD82 /* AlbumTrackCollectionViewCell.swift */; };
		13942E8A2BA03D9700D0FD82 /* CategoryCollectionViewCell.swift in Sources */ = {isa = PBXBuildFile; fileRef = 13942E752BA03D9700D0FD82 /* CategoryCollectionViewCell.swift */; };
		13942E8B2BA03D9700D0FD82 /* LibraryAlbumTableViewCell.swift in Sources */ = {isa = PBXBuildFile; fileRef = 13942E772BA03D9700D0FD82 /* LibraryAlbumTableViewCell.swift */; };
		13942E8C2BA03D9700D0FD82 /* LibraryArtistTableViewCell.swift in Sources */ = {isa = PBXBuildFile; fileRef = 13942E782BA03D9700D0FD82 /* LibraryArtistTableViewCell.swift */; };
		13942E8D2BA03D9700D0FD82 /* LibraryPlaylistTableViewCell.swift in Sources */ = {isa = PBXBuildFile; fileRef = 13942E792BA03D9700D0FD82 /* LibraryPlaylistTableViewCell.swift */; };
		13942E8E2BA03D9700D0FD82 /* SearchResultSongTableViewCell.swift in Sources */ = {isa = PBXBuildFile; fileRef = 13942E7B2BA03D9700D0FD82 /* SearchResultSongTableViewCell.swift */; };
		13942E8F2BA03D9700D0FD82 /* MainViewControllerHeaderView.swift in Sources */ = {isa = PBXBuildFile; fileRef = 13942E7D2BA03D9700D0FD82 /* MainViewControllerHeaderView.swift */; };
		13942EA12BA03DD700D0FD82 /* Track.swift in Sources */ = {isa = PBXBuildFile; fileRef = 13942E902BA03DD600D0FD82 /* Track.swift */; };
		13942EA22BA03DD700D0FD82 /* TrackResponse.swift in Sources */ = {isa = PBXBuildFile; fileRef = 13942E912BA03DD600D0FD82 /* TrackResponse.swift */; };
		13942EA32BA03DD700D0FD82 /* Album.swift in Sources */ = {isa = PBXBuildFile; fileRef = 13942E932BA03DD600D0FD82 /* Album.swift */; };
		13942EA42BA03DD700D0FD82 /* AlbumDetails.swift in Sources */ = {isa = PBXBuildFile; fileRef = 13942E942BA03DD600D0FD82 /* AlbumDetails.swift */; };
		13942EA52BA03DD700D0FD82 /* AlbumResponse.swift in Sources */ = {isa = PBXBuildFile; fileRef = 13942E952BA03DD600D0FD82 /* AlbumResponse.swift */; };
		13942EA62BA03DD700D0FD82 /* SavedAlbum.swift in Sources */ = {isa = PBXBuildFile; fileRef = 13942E962BA03DD600D0FD82 /* SavedAlbum.swift */; };
		13942EA72BA03DD700D0FD82 /* SearchResultResponse.swift in Sources */ = {isa = PBXBuildFile; fileRef = 13942E982BA03DD600D0FD82 /* SearchResultResponse.swift */; };
		13942EA82BA03DD700D0FD82 /* User.swift in Sources */ = {isa = PBXBuildFile; fileRef = 13942E992BA03DD700D0FD82 /* User.swift */; };
		13942EA92BA03DD700D0FD82 /* Artist.swift in Sources */ = {isa = PBXBuildFile; fileRef = 13942E9A2BA03DD700D0FD82 /* Artist.swift */; };
		13942EAA2BA03DD700D0FD82 /* ArtistResponse.swift in Sources */ = {isa = PBXBuildFile; fileRef = 13942E9B2BA03DD700D0FD82 /* ArtistResponse.swift */; };
		13942EAB2BA03DD700D0FD82 /* Followers.swift in Sources */ = {isa = PBXBuildFile; fileRef = 13942E9D2BA03DD700D0FD82 /* Followers.swift */; };
		13942EAC2BA03DD700D0FD82 /* Category.swift in Sources */ = {isa = PBXBuildFile; fileRef = 13942E9E2BA03DD700D0FD82 /* Category.swift */; };
		13942EAD2BA03DD700D0FD82 /* CategoryResponse.swift in Sources */ = {isa = PBXBuildFile; fileRef = 13942E9F2BA03DD700D0FD82 /* CategoryResponse.swift */; };
		13942EB12BA03E1100D0FD82 /* CustomColor.swift in Sources */ = {isa = PBXBuildFile; fileRef = 13942EAE2BA03E1100D0FD82 /* CustomColor.swift */; };
		13942EB22BA03E1100D0FD82 /* Protocols.swift in Sources */ = {isa = PBXBuildFile; fileRef = 13942EAF2BA03E1100D0FD82 /* Protocols.swift */; };
		13942EB32BA03E1100D0FD82 /* Globals.swift in Sources */ = {isa = PBXBuildFile; fileRef = 13942EB02BA03E1100D0FD82 /* Globals.swift */; };
		13DA78A32B5A71460024BECF /* GenreResponse.swift in Sources */ = {isa = PBXBuildFile; fileRef = 13DA78A22B5A71460024BECF /* GenreResponse.swift */; };
		13E768DF2BA03FE20045C810 /* PlayerViewController.swift in Sources */ = {isa = PBXBuildFile; fileRef = 13E768DC2BA03FE20045C810 /* PlayerViewController.swift */; };
		13E768E02BA03FE20045C810 /* ProfileViewController.swift in Sources */ = {isa = PBXBuildFile; fileRef = 13E768DD2BA03FE20045C810 /* ProfileViewController.swift */; };
		13E768E12BA03FE20045C810 /* CategoryViewController.swift in Sources */ = {isa = PBXBuildFile; fileRef = 13E768DE2BA03FE20045C810 /* CategoryViewController.swift */; };
		13E769362BA4394D0045C810 /* AddToPlaylistViewController.swift in Sources */ = {isa = PBXBuildFile; fileRef = 13E769352BA4394D0045C810 /* AddToPlaylistViewController.swift */; };
		89805C3C6BC7E23B5F7BAE0B /* Pods_Spotify_Clone.framework in Frameworks */ = {isa = PBXBuildFile; fileRef = AB7284BD385EFAD7E0CEE9FB /* Pods_Spotify_Clone.framework */; };
/* End PBXBuildFile section */

/* Begin PBXFileReference section */
		133BF8E92B5ED74E00FEE43E /* PlaylistViewController.swift */ = {isa = PBXFileReference; lastKnownFileType = sourcecode.swift; path = PlaylistViewController.swift; sourceTree = "<group>"; };
		133BF8EB2B5ED83C00FEE43E /* PlaylistDetails.swift */ = {isa = PBXFileReference; lastKnownFileType = sourcecode.swift; path = PlaylistDetails.swift; sourceTree = "<group>"; };
		133BF8ED2B5EDB3D00FEE43E /* PlaylistItem.swift */ = {isa = PBXFileReference; lastKnownFileType = sourcecode.swift; path = PlaylistItem.swift; sourceTree = "<group>"; };
		13418DA52B583BDF0039878B /* NetworkManager.swift */ = {isa = PBXFileReference; lastKnownFileType = sourcecode.swift; path = NetworkManager.swift; sourceTree = "<group>"; };
		13418DA82B583BEE0039878B /* ArtistViewController.swift */ = {isa = PBXFileReference; lastKnownFileType = sourcecode.swift; path = ArtistViewController.swift; sourceTree = "<group>"; };
		13418DAB2B583BEF0039878B /* LoginViewController.swift */ = {isa = PBXFileReference; lastKnownFileType = sourcecode.swift; path = LoginViewController.swift; sourceTree = "<group>"; };
		13418DAC2B583BEF0039878B /* AlbumViewController.swift */ = {isa = PBXFileReference; lastKnownFileType = sourcecode.swift; path = AlbumViewController.swift; sourceTree = "<group>"; };
		13418DB82B583BFC0039878B /* Owner.swift */ = {isa = PBXFileReference; lastKnownFileType = sourcecode.swift; path = Owner.swift; sourceTree = "<group>"; };
		13418DB92B583BFC0039878B /* PlaylistResponse.swift */ = {isa = PBXFileReference; lastKnownFileType = sourcecode.swift; path = PlaylistResponse.swift; sourceTree = "<group>"; };
		13418DBC2B583BFD0039878B /* Playlist.swift */ = {isa = PBXFileReference; lastKnownFileType = sourcecode.swift; path = Playlist.swift; sourceTree = "<group>"; };
		13418DC12B583BFD0039878B /* Image.swift */ = {isa = PBXFileReference; lastKnownFileType = sourcecode.swift; path = Image.swift; sourceTree = "<group>"; };
		13418DE12B583C9A0039878B /* AuthorizationResponse.swift */ = {isa = PBXFileReference; lastKnownFileType = sourcecode.swift; path = AuthorizationResponse.swift; sourceTree = "<group>"; };
		136B05882B5835CF005128F1 /* Spotify_Clone.app */ = {isa = PBXFileReference; explicitFileType = wrapper.application; includeInIndex = 0; path = Spotify_Clone.app; sourceTree = BUILT_PRODUCTS_DIR; };
		136B058B2B5835CF005128F1 /* AppDelegate.swift */ = {isa = PBXFileReference; lastKnownFileType = sourcecode.swift; path = AppDelegate.swift; sourceTree = "<group>"; };
		136B058D2B5835CF005128F1 /* SceneDelegate.swift */ = {isa = PBXFileReference; lastKnownFileType = sourcecode.swift; path = SceneDelegate.swift; sourceTree = "<group>"; };
		136B05942B5835D1005128F1 /* Assets.xcassets */ = {isa = PBXFileReference; lastKnownFileType = folder.assetcatalog; path = Assets.xcassets; sourceTree = "<group>"; };
		136B05972B5835D1005128F1 /* Base */ = {isa = PBXFileReference; lastKnownFileType = file.storyboard; name = Base; path = Base.lproj/LaunchScreen.storyboard; sourceTree = "<group>"; };
		136B05992B5835D1005128F1 /* Info.plist */ = {isa = PBXFileReference; lastKnownFileType = text.plist.xml; path = Info.plist; sourceTree = "<group>"; };
		13942E5B2BA03D7E00D0FD82 /* SearchResultViewController.swift */ = {isa = PBXFileReference; fileEncoding = 4; lastKnownFileType = sourcecode.swift; path = SearchResultViewController.swift; sourceTree = "<group>"; };
		13942E5C2BA03D7E00D0FD82 /* SearchViewController.swift */ = {isa = PBXFileReference; fileEncoding = 4; lastKnownFileType = sourcecode.swift; path = SearchViewController.swift; sourceTree = "<group>"; };
		13942E5E2BA03D7E00D0FD82 /* HomeViewController.swift */ = {isa = PBXFileReference; fileEncoding = 4; lastKnownFileType = sourcecode.swift; path = HomeViewController.swift; sourceTree = "<group>"; };
		13942E5F2BA03D7E00D0FD82 /* LibraryViewController.swift */ = {isa = PBXFileReference; fileEncoding = 4; lastKnownFileType = sourcecode.swift; path = LibraryViewController.swift; sourceTree = "<group>"; };
		13942E602BA03D7E00D0FD82 /* TabBarViewController.swift */ = {isa = PBXFileReference; fileEncoding = 4; lastKnownFileType = sourcecode.swift; path = TabBarViewController.swift; sourceTree = "<group>"; };
		13942E672BA03D9700D0FD82 /* AlbumHeaderCollectionReusableView.swift */ = {isa = PBXFileReference; fileEncoding = 4; lastKnownFileType = sourcecode.swift; path = AlbumHeaderCollectionReusableView.swift; sourceTree = "<group>"; };
		13942E682BA03D9700D0FD82 /* ArtistHeaderCollectionReusableView.swift */ = {isa = PBXFileReference; fileEncoding = 4; lastKnownFileType = sourcecode.swift; path = ArtistHeaderCollectionReusableView.swift; sourceTree = "<group>"; };
		13942E692BA03D9700D0FD82 /* CollectionHeaderReusableView.swift */ = {isa = PBXFileReference; fileEncoding = 4; lastKnownFileType = sourcecode.swift; path = CollectionHeaderReusableView.swift; sourceTree = "<group>"; };
		13942E6A2BA03D9700D0FD82 /* PlaylistHeaderCollectionReusableView.swift */ = {isa = PBXFileReference; fileEncoding = 4; lastKnownFileType = sourcecode.swift; path = PlaylistHeaderCollectionReusableView.swift; sourceTree = "<group>"; };
		13942E6C2BA03D9700D0FD82 /* ArtistAlbumCollectionViewCell.swift */ = {isa = PBXFileReference; fileEncoding = 4; lastKnownFileType = sourcecode.swift; path = ArtistAlbumCollectionViewCell.swift; sourceTree = "<group>"; };
		13942E6D2BA03D9700D0FD82 /* ArtistPopularTrackCollectionViewCell.swift */ = {isa = PBXFileReference; fileEncoding = 4; lastKnownFileType = sourcecode.swift; path = ArtistPopularTrackCollectionViewCell.swift; sourceTree = "<group>"; };
		13942E6E2BA03D9700D0FD82 /* ArtistRecommandedCollectionViewCell.swift */ = {isa = PBXFileReference; fileEncoding = 4; lastKnownFileType = sourcecode.swift; path = ArtistRecommandedCollectionViewCell.swift; sourceTree = "<group>"; };
		13942E702BA03D9700D0FD82 /* FeaturedPlaylistCollectionViewCell.swift */ = {isa = PBXFileReference; fileEncoding = 4; lastKnownFileType = sourcecode.swift; path = FeaturedPlaylistCollectionViewCell.swift; sourceTree = "<group>"; };
		13942E712BA03D9700D0FD82 /* NewReleasedAlbumCollectionViewCell.swift */ = {isa = PBXFileReference; fileEncoding = 4; lastKnownFileType = sourcecode.swift; path = NewReleasedAlbumCollectionViewCell.swift; sourceTree = "<group>"; };
		13942E722BA03D9700D0FD82 /* RecommandedTracksCollectionViewCell.swift */ = {isa = PBXFileReference; fileEncoding = 4; lastKnownFileType = sourcecode.swift; path = RecommandedTracksCollectionViewCell.swift; sourceTree = "<group>"; };
		13942E742BA03D9700D0FD82 /* AlbumTrackCollectionViewCell.swift */ = {isa = PBXFileReference; fileEncoding = 4; lastKnownFileType = sourcecode.swift; path = AlbumTrackCollectionViewCell.swift; sourceTree = "<group>"; };
		13942E752BA03D9700D0FD82 /* CategoryCollectionViewCell.swift */ = {isa = PBXFileReference; fileEncoding = 4; lastKnownFileType = sourcecode.swift; path = CategoryCollectionViewCell.swift; sourceTree = "<group>"; };
		13942E772BA03D9700D0FD82 /* LibraryAlbumTableViewCell.swift */ = {isa = PBXFileReference; fileEncoding = 4; lastKnownFileType = sourcecode.swift; path = LibraryAlbumTableViewCell.swift; sourceTree = "<group>"; };
		13942E782BA03D9700D0FD82 /* LibraryArtistTableViewCell.swift */ = {isa = PBXFileReference; fileEncoding = 4; lastKnownFileType = sourcecode.swift; path = LibraryArtistTableViewCell.swift; sourceTree = "<group>"; };
		13942E792BA03D9700D0FD82 /* LibraryPlaylistTableViewCell.swift */ = {isa = PBXFileReference; fileEncoding = 4; lastKnownFileType = sourcecode.swift; path = LibraryPlaylistTableViewCell.swift; sourceTree = "<group>"; };
		13942E7B2BA03D9700D0FD82 /* SearchResultSongTableViewCell.swift */ = {isa = PBXFileReference; fileEncoding = 4; lastKnownFileType = sourcecode.swift; path = SearchResultSongTableViewCell.swift; sourceTree = "<group>"; };
		13942E7D2BA03D9700D0FD82 /* MainViewControllerHeaderView.swift */ = {isa = PBXFileReference; fileEncoding = 4; lastKnownFileType = sourcecode.swift; path = MainViewControllerHeaderView.swift; sourceTree = "<group>"; };
		13942E902BA03DD600D0FD82 /* Track.swift */ = {isa = PBXFileReference; fileEncoding = 4; lastKnownFileType = sourcecode.swift; path = Track.swift; sourceTree = "<group>"; };
		13942E912BA03DD600D0FD82 /* TrackResponse.swift */ = {isa = PBXFileReference; fileEncoding = 4; lastKnownFileType = sourcecode.swift; path = TrackResponse.swift; sourceTree = "<group>"; };
		13942E932BA03DD600D0FD82 /* Album.swift */ = {isa = PBXFileReference; fileEncoding = 4; lastKnownFileType = sourcecode.swift; path = Album.swift; sourceTree = "<group>"; };
		13942E942BA03DD600D0FD82 /* AlbumDetails.swift */ = {isa = PBXFileReference; fileEncoding = 4; lastKnownFileType = sourcecode.swift; path = AlbumDetails.swift; sourceTree = "<group>"; };
		13942E952BA03DD600D0FD82 /* AlbumResponse.swift */ = {isa = PBXFileReference; fileEncoding = 4; lastKnownFileType = sourcecode.swift; path = AlbumResponse.swift; sourceTree = "<group>"; };
		13942E962BA03DD600D0FD82 /* SavedAlbum.swift */ = {isa = PBXFileReference; fileEncoding = 4; lastKnownFileType = sourcecode.swift; path = SavedAlbum.swift; sourceTree = "<group>"; };
		13942E982BA03DD600D0FD82 /* SearchResultResponse.swift */ = {isa = PBXFileReference; fileEncoding = 4; lastKnownFileType = sourcecode.swift; path = SearchResultResponse.swift; sourceTree = "<group>"; };
		13942E992BA03DD700D0FD82 /* User.swift */ = {isa = PBXFileReference; fileEncoding = 4; lastKnownFileType = sourcecode.swift; path = User.swift; sourceTree = "<group>"; };
		13942E9A2BA03DD700D0FD82 /* Artist.swift */ = {isa = PBXFileReference; fileEncoding = 4; lastKnownFileType = sourcecode.swift; path = Artist.swift; sourceTree = "<group>"; };
		13942E9B2BA03DD700D0FD82 /* ArtistResponse.swift */ = {isa = PBXFileReference; fileEncoding = 4; lastKnownFileType = sourcecode.swift; path = ArtistResponse.swift; sourceTree = "<group>"; };
		13942E9D2BA03DD700D0FD82 /* Followers.swift */ = {isa = PBXFileReference; fileEncoding = 4; lastKnownFileType = sourcecode.swift; path = Followers.swift; sourceTree = "<group>"; };
		13942E9E2BA03DD700D0FD82 /* Category.swift */ = {isa = PBXFileReference; fileEncoding = 4; lastKnownFileType = sourcecode.swift; path = Category.swift; sourceTree = "<group>"; };
		13942E9F2BA03DD700D0FD82 /* CategoryResponse.swift */ = {isa = PBXFileReference; fileEncoding = 4; lastKnownFileType = sourcecode.swift; path = CategoryResponse.swift; sourceTree = "<group>"; };
		13942EAE2BA03E1100D0FD82 /* CustomColor.swift */ = {isa = PBXFileReference; fileEncoding = 4; lastKnownFileType = sourcecode.swift; path = CustomColor.swift; sourceTree = "<group>"; };
		13942EAF2BA03E1100D0FD82 /* Protocols.swift */ = {isa = PBXFileReference; fileEncoding = 4; lastKnownFileType = sourcecode.swift; path = Protocols.swift; sourceTree = "<group>"; };
		13942EB02BA03E1100D0FD82 /* Globals.swift */ = {isa = PBXFileReference; fileEncoding = 4; lastKnownFileType = sourcecode.swift; path = Globals.swift; sourceTree = "<group>"; };
		13DA78A22B5A71460024BECF /* GenreResponse.swift */ = {isa = PBXFileReference; lastKnownFileType = sourcecode.swift; path = GenreResponse.swift; sourceTree = "<group>"; };
		13E768DC2BA03FE20045C810 /* PlayerViewController.swift */ = {isa = PBXFileReference; fileEncoding = 4; lastKnownFileType = sourcecode.swift; path = PlayerViewController.swift; sourceTree = "<group>"; };
		13E768DD2BA03FE20045C810 /* ProfileViewController.swift */ = {isa = PBXFileReference; fileEncoding = 4; lastKnownFileType = sourcecode.swift; path = ProfileViewController.swift; sourceTree = "<group>"; };
		13E768DE2BA03FE20045C810 /* CategoryViewController.swift */ = {isa = PBXFileReference; fileEncoding = 4; lastKnownFileType = sourcecode.swift; path = CategoryViewController.swift; sourceTree = "<group>"; };
		13E769352BA4394D0045C810 /* AddToPlaylistViewController.swift */ = {isa = PBXFileReference; lastKnownFileType = sourcecode.swift; path = AddToPlaylistViewController.swift; sourceTree = "<group>"; };
		AB7284BD385EFAD7E0CEE9FB /* Pods_Spotify_Clone.framework */ = {isa = PBXFileReference; explicitFileType = wrapper.framework; includeInIndex = 0; path = Pods_Spotify_Clone.framework; sourceTree = BUILT_PRODUCTS_DIR; };
		BAFC1C6C1D25C222CC7EE964 /* Pods-Spotify_Clone.release.xcconfig */ = {isa = PBXFileReference; includeInIndex = 1; lastKnownFileType = text.xcconfig; name = "Pods-Spotify_Clone.release.xcconfig"; path = "Target Support Files/Pods-Spotify_Clone/Pods-Spotify_Clone.release.xcconfig"; sourceTree = "<group>"; };
		E9F036F68527EBE20BC99E47 /* Pods-Spotify_Clone.debug.xcconfig */ = {isa = PBXFileReference; includeInIndex = 1; lastKnownFileType = text.xcconfig; name = "Pods-Spotify_Clone.debug.xcconfig"; path = "Target Support Files/Pods-Spotify_Clone/Pods-Spotify_Clone.debug.xcconfig"; sourceTree = "<group>"; };
/* End PBXFileReference section */

/* Begin PBXFrameworksBuildPhase section */
		136B05852B5835CF005128F1 /* Frameworks */ = {
			isa = PBXFrameworksBuildPhase;
			buildActionMask = 2147483647;
			files = (
				89805C3C6BC7E23B5F7BAE0B /* Pods_Spotify_Clone.framework in Frameworks */,
			);
			runOnlyForDeploymentPostprocessing = 0;
		};
/* End PBXFrameworksBuildPhase section */

/* Begin PBXGroup section */
		13418DDD2B583C330039878B /* Controller */ = {
			isa = PBXGroup;
			children = (
				13942E612BA03D7E00D0FD82 /* Tabbar */,
				13418DAC2B583BEF0039878B /* AlbumViewController.swift */,
				13418DA82B583BEE0039878B /* ArtistViewController.swift */,
				13418DAB2B583BEF0039878B /* LoginViewController.swift */,
				133BF8E92B5ED74E00FEE43E /* PlaylistViewController.swift */,
				13E768DE2BA03FE20045C810 /* CategoryViewController.swift */,
				13E768DC2BA03FE20045C810 /* PlayerViewController.swift */,
				13E768DD2BA03FE20045C810 /* ProfileViewController.swift */,
				13E769352BA4394D0045C810 /* AddToPlaylistViewController.swift */,
			);
			path = Controller;
			sourceTree = "<group>";
		};
		13418DE02B583C990039878B /* Model */ = {
			isa = PBXGroup;
			children = (
				13942E972BA03DD600D0FD82 /* Album */,
				13942E9C2BA03DD700D0FD82 /* Artist */,
				13942EA02BA03DD700D0FD82 /* Category */,
				13942E922BA03DD600D0FD82 /* Track */,
				13E769222BA42F060045C810 /* Playlist */,
				13942E9D2BA03DD700D0FD82 /* Followers.swift */,
				13942E982BA03DD600D0FD82 /* SearchResultResponse.swift */,
				13942E992BA03DD700D0FD82 /* User.swift */,
				13418DE12B583C9A0039878B /* AuthorizationResponse.swift */,
				13418DC12B583BFD0039878B /* Image.swift */,
				13418DB82B583BFC0039878B /* Owner.swift */,
				13DA78A22B5A71460024BECF /* GenreResponse.swift */,
			);
			path = Model;
			sourceTree = "<group>";
		};
		13418DE62B583D060039878B /* Manager */ = {
			isa = PBXGroup;
			children = (
				13418DA52B583BDF0039878B /* NetworkManager.swift */,
			);
			path = Manager;
			sourceTree = "<group>";
		};
		136B057F2B5835CF005128F1 = {
			isa = PBXGroup;
			children = (
				136B058A2B5835CF005128F1 /* Spotify_Clone */,
				136B05892B5835CF005128F1 /* Products */,
				9725235C90B0C454BDD56B72 /* Pods */,
				B19F50966BAD61CEF73A4932 /* Frameworks */,
			);
			sourceTree = "<group>";
		};
		136B05892B5835CF005128F1 /* Products */ = {
			isa = PBXGroup;
			children = (
				136B05882B5835CF005128F1 /* Spotify_Clone.app */,
			);
			name = Products;
			sourceTree = "<group>";
		};
		136B058A2B5835CF005128F1 /* Spotify_Clone */ = {
			isa = PBXGroup;
			children = (
				13418DE62B583D060039878B /* Manager */,
				136B05A72B58365A005128F1 /* Utilities */,
				13418DE02B583C990039878B /* Model */,
				13942E7E2BA03D9700D0FD82 /* View */,
				13418DDD2B583C330039878B /* Controller */,
				136B05942B5835D1005128F1 /* Assets.xcassets */,
				136B05962B5835D1005128F1 /* LaunchScreen.storyboard */,
				136B05992B5835D1005128F1 /* Info.plist */,
			);
			path = Spotify_Clone;
			sourceTree = "<group>";
		};
		136B05A72B58365A005128F1 /* Utilities */ = {
			isa = PBXGroup;
			children = (
				13942EAE2BA03E1100D0FD82 /* CustomColor.swift */,
				13942EB02BA03E1100D0FD82 /* Globals.swift */,
				13942EAF2BA03E1100D0FD82 /* Protocols.swift */,
				136B058B2B5835CF005128F1 /* AppDelegate.swift */,
				136B058D2B5835CF005128F1 /* SceneDelegate.swift */,
			);
			path = Utilities;
			sourceTree = "<group>";
		};
		13942E5D2BA03D7E00D0FD82 /* Search */ = {
			isa = PBXGroup;
			children = (
				13942E5B2BA03D7E00D0FD82 /* SearchResultViewController.swift */,
				13942E5C2BA03D7E00D0FD82 /* SearchViewController.swift */,
			);
			path = Search;
			sourceTree = "<group>";
		};
		13942E612BA03D7E00D0FD82 /* Tabbar */ = {
			isa = PBXGroup;
			children = (
				13942E5D2BA03D7E00D0FD82 /* Search */,
				13942E5E2BA03D7E00D0FD82 /* HomeViewController.swift */,
				13942E5F2BA03D7E00D0FD82 /* LibraryViewController.swift */,
				13942E602BA03D7E00D0FD82 /* TabBarViewController.swift */,
			);
			path = Tabbar;
			sourceTree = "<group>";
		};
		13942E6B2BA03D9700D0FD82 /* CollectionReusableView */ = {
			isa = PBXGroup;
			children = (
				13942E672BA03D9700D0FD82 /* AlbumHeaderCollectionReusableView.swift */,
				13942E682BA03D9700D0FD82 /* ArtistHeaderCollectionReusableView.swift */,
				13942E692BA03D9700D0FD82 /* CollectionHeaderReusableView.swift */,
				13942E6A2BA03D9700D0FD82 /* PlaylistHeaderCollectionReusableView.swift */,
			);
			path = CollectionReusableView;
			sourceTree = "<group>";
		};
		13942E6F2BA03D9700D0FD82 /* Artist */ = {
			isa = PBXGroup;
			children = (
				13942E6C2BA03D9700D0FD82 /* ArtistAlbumCollectionViewCell.swift */,
				13942E6D2BA03D9700D0FD82 /* ArtistPopularTrackCollectionViewCell.swift */,
				13942E6E2BA03D9700D0FD82 /* ArtistRecommandedCollectionViewCell.swift */,
			);
			path = Artist;
			sourceTree = "<group>";
		};
		13942E732BA03D9700D0FD82 /* Home */ = {
			isa = PBXGroup;
			children = (
				13942E702BA03D9700D0FD82 /* FeaturedPlaylistCollectionViewCell.swift */,
				13942E712BA03D9700D0FD82 /* NewReleasedAlbumCollectionViewCell.swift */,
				13942E722BA03D9700D0FD82 /* RecommandedTracksCollectionViewCell.swift */,
			);
			path = Home;
			sourceTree = "<group>";
		};
		13942E762BA03D9700D0FD82 /* CollectionViewCell */ = {
			isa = PBXGroup;
			children = (
				13942E6F2BA03D9700D0FD82 /* Artist */,
				13942E732BA03D9700D0FD82 /* Home */,
				13942E742BA03D9700D0FD82 /* AlbumTrackCollectionViewCell.swift */,
				13942E752BA03D9700D0FD82 /* CategoryCollectionViewCell.swift */,
			);
			path = CollectionViewCell;
			sourceTree = "<group>";
		};
		13942E7A2BA03D9700D0FD82 /* Library */ = {
			isa = PBXGroup;
			children = (
				13942E772BA03D9700D0FD82 /* LibraryAlbumTableViewCell.swift */,
				13942E782BA03D9700D0FD82 /* LibraryArtistTableViewCell.swift */,
				13942E792BA03D9700D0FD82 /* LibraryPlaylistTableViewCell.swift */,
			);
			path = Library;
			sourceTree = "<group>";
		};
		13942E7C2BA03D9700D0FD82 /* TableViewCell */ = {
			isa = PBXGroup;
			children = (
				13942E7A2BA03D9700D0FD82 /* Library */,
				13942E7B2BA03D9700D0FD82 /* SearchResultSongTableViewCell.swift */,
			);
			path = TableViewCell;
			sourceTree = "<group>";
		};
		13942E7E2BA03D9700D0FD82 /* View */ = {
			isa = PBXGroup;
			children = (
				13942E6B2BA03D9700D0FD82 /* CollectionReusableView */,
				13942E762BA03D9700D0FD82 /* CollectionViewCell */,
				13942E7C2BA03D9700D0FD82 /* TableViewCell */,
				13942E7D2BA03D9700D0FD82 /* MainViewControllerHeaderView.swift */,
			);
			name = View;
			path = Spotify_Clone/View;
			sourceTree = SOURCE_ROOT;
		};
		13942E922BA03DD600D0FD82 /* Track */ = {
			isa = PBXGroup;
			children = (
				13942E902BA03DD600D0FD82 /* Track.swift */,
				13942E912BA03DD600D0FD82 /* TrackResponse.swift */,
			);
			path = Track;
			sourceTree = "<group>";
		};
		13942E972BA03DD600D0FD82 /* Album */ = {
			isa = PBXGroup;
			children = (
				13942E932BA03DD600D0FD82 /* Album.swift */,
				13942E942BA03DD600D0FD82 /* AlbumDetails.swift */,
				13942E952BA03DD600D0FD82 /* AlbumResponse.swift */,
				13942E962BA03DD600D0FD82 /* SavedAlbum.swift */,
			);
			path = Album;
			sourceTree = "<group>";
		};
		13942E9C2BA03DD700D0FD82 /* Artist */ = {
			isa = PBXGroup;
			children = (
				13942E9A2BA03DD700D0FD82 /* Artist.swift */,
				13942E9B2BA03DD700D0FD82 /* ArtistResponse.swift */,
			);
			path = Artist;
			sourceTree = "<group>";
		};
		13942EA02BA03DD700D0FD82 /* Category */ = {
			isa = PBXGroup;
			children = (
				13942E9E2BA03DD700D0FD82 /* Category.swift */,
				13942E9F2BA03DD700D0FD82 /* CategoryResponse.swift */,
			);
			path = Category;
			sourceTree = "<group>";
		};
		13E769222BA42F060045C810 /* Playlist */ = {
			isa = PBXGroup;
			children = (
				13418DBC2B583BFD0039878B /* Playlist.swift */,
				13418DB92B583BFC0039878B /* PlaylistResponse.swift */,
				133BF8EB2B5ED83C00FEE43E /* PlaylistDetails.swift */,
				133BF8ED2B5EDB3D00FEE43E /* PlaylistItem.swift */,
			);
			path = Playlist;
			sourceTree = "<group>";
		};
		9725235C90B0C454BDD56B72 /* Pods */ = {
			isa = PBXGroup;
			children = (
				E9F036F68527EBE20BC99E47 /* Pods-Spotify_Clone.debug.xcconfig */,
				BAFC1C6C1D25C222CC7EE964 /* Pods-Spotify_Clone.release.xcconfig */,
			);
			path = Pods;
			sourceTree = "<group>";
		};
		B19F50966BAD61CEF73A4932 /* Frameworks */ = {
			isa = PBXGroup;
			children = (
				AB7284BD385EFAD7E0CEE9FB /* Pods_Spotify_Clone.framework */,
			);
			name = Frameworks;
			sourceTree = "<group>";
		};
/* End PBXGroup section */

/* Begin PBXNativeTarget section */
		136B05872B5835CF005128F1 /* Spotify_Clone */ = {
			isa = PBXNativeTarget;
			buildConfigurationList = 136B059C2B5835D1005128F1 /* Build configuration list for PBXNativeTarget "Spotify_Clone" */;
			buildPhases = (
				23A38C6F2827A4935104DCD2 /* [CP] Check Pods Manifest.lock */,
				136B05842B5835CF005128F1 /* Sources */,
				136B05852B5835CF005128F1 /* Frameworks */,
				136B05862B5835CF005128F1 /* Resources */,
				0D211A2728A8979950CE63D8 /* [CP] Embed Pods Frameworks */,
			);
			buildRules = (
			);
			dependencies = (
			);
			name = Spotify_Clone;
			productName = Spotify_Clone;
			productReference = 136B05882B5835CF005128F1 /* Spotify_Clone.app */;
			productType = "com.apple.product-type.application";
		};
/* End PBXNativeTarget section */

/* Begin PBXProject section */
		136B05802B5835CF005128F1 /* Project object */ = {
			isa = PBXProject;
			attributes = {
				BuildIndependentTargetsInParallel = 1;
				LastSwiftUpdateCheck = 1520;
				LastUpgradeCheck = 1520;
				TargetAttributes = {
					136B05872B5835CF005128F1 = {
						CreatedOnToolsVersion = 15.2;
					};
				};
			};
			buildConfigurationList = 136B05832B5835CF005128F1 /* Build configuration list for PBXProject "Spotify_Clone" */;
			compatibilityVersion = "Xcode 14.0";
			developmentRegion = en;
			hasScannedForEncodings = 0;
			knownRegions = (
				en,
				Base,
			);
			mainGroup = 136B057F2B5835CF005128F1;
			productRefGroup = 136B05892B5835CF005128F1 /* Products */;
			projectDirPath = "";
			projectRoot = "";
			targets = (
				136B05872B5835CF005128F1 /* Spotify_Clone */,
			);
		};
/* End PBXProject section */

/* Begin PBXResourcesBuildPhase section */
		136B05862B5835CF005128F1 /* Resources */ = {
			isa = PBXResourcesBuildPhase;
			buildActionMask = 2147483647;
			files = (
				136B05982B5835D1005128F1 /* LaunchScreen.storyboard in Resources */,
				136B05952B5835D1005128F1 /* Assets.xcassets in Resources */,
			);
			runOnlyForDeploymentPostprocessing = 0;
		};
/* End PBXResourcesBuildPhase section */

/* Begin PBXShellScriptBuildPhase section */
		0D211A2728A8979950CE63D8 /* [CP] Embed Pods Frameworks */ = {
			isa = PBXShellScriptBuildPhase;
			buildActionMask = 2147483647;
			files = (
			);
			inputFileListPaths = (
				"${PODS_ROOT}/Target Support Files/Pods-Spotify_Clone/Pods-Spotify_Clone-frameworks-${CONFIGURATION}-input-files.xcfilelist",
			);
			name = "[CP] Embed Pods Frameworks";
			outputFileListPaths = (
				"${PODS_ROOT}/Target Support Files/Pods-Spotify_Clone/Pods-Spotify_Clone-frameworks-${CONFIGURATION}-output-files.xcfilelist",
			);
			runOnlyForDeploymentPostprocessing = 0;
			shellPath = /bin/sh;
			shellScript = "\"${PODS_ROOT}/Target Support Files/Pods-Spotify_Clone/Pods-Spotify_Clone-frameworks.sh\"\n";
			showEnvVarsInLog = 0;
		};
		23A38C6F2827A4935104DCD2 /* [CP] Check Pods Manifest.lock */ = {
			isa = PBXShellScriptBuildPhase;
			buildActionMask = 2147483647;
			files = (
			);
			inputFileListPaths = (
			);
			inputPaths = (
				"${PODS_PODFILE_DIR_PATH}/Podfile.lock",
				"${PODS_ROOT}/Manifest.lock",
			);
			name = "[CP] Check Pods Manifest.lock";
			outputFileListPaths = (
			);
			outputPaths = (
				"$(DERIVED_FILE_DIR)/Pods-Spotify_Clone-checkManifestLockResult.txt",
			);
			runOnlyForDeploymentPostprocessing = 0;
			shellPath = /bin/sh;
			shellScript = "diff \"${PODS_PODFILE_DIR_PATH}/Podfile.lock\" \"${PODS_ROOT}/Manifest.lock\" > /dev/null\nif [ $? != 0 ] ; then\n    # print error to STDERR\n    echo \"error: The sandbox is not in sync with the Podfile.lock. Run 'pod install' or update your CocoaPods installation.\" >&2\n    exit 1\nfi\n# This output is used by Xcode 'outputs' to avoid re-running this script phase.\necho \"SUCCESS\" > \"${SCRIPT_OUTPUT_FILE_0}\"\n";
			showEnvVarsInLog = 0;
		};
/* End PBXShellScriptBuildPhase section */

/* Begin PBXSourcesBuildPhase section */
		136B05842B5835CF005128F1 /* Sources */ = {
			isa = PBXSourcesBuildPhase;
			buildActionMask = 2147483647;
			files = (
				13942E8C2BA03D9700D0FD82 /* LibraryArtistTableViewCell.swift in Sources */,
				13942EAB2BA03DD700D0FD82 /* Followers.swift in Sources */,
				13942EB12BA03E1100D0FD82 /* CustomColor.swift in Sources */,
				13418DC32B583BFD0039878B /* Owner.swift in Sources */,
				13942E8D2BA03D9700D0FD82 /* LibraryPlaylistTableViewCell.swift in Sources */,
				13942E892BA03D9700D0FD82 /* AlbumTrackCollectionViewCell.swift in Sources */,
				13DA78A32B5A71460024BECF /* GenreResponse.swift in Sources */,
				13942EAA2BA03DD700D0FD82 /* ArtistResponse.swift in Sources */,
				13942E642BA03D7F00D0FD82 /* HomeViewController.swift in Sources */,
				13942EA52BA03DD700D0FD82 /* AlbumResponse.swift in Sources */,
				13418DCC2B583BFD0039878B /* PlaylistResponse.swift in Sources */,
				13942E832BA03D9700D0FD82 /* ArtistAlbumCollectionViewCell.swift in Sources */,
				13418DAF2B583BEF0039878B /* AlbumViewController.swift in Sources */,
				13942E842BA03D9700D0FD82 /* ArtistPopularTrackCollectionViewCell.swift in Sources */,
				13418DCB2B583BFD0039878B /* Image.swift in Sources */,
				13942E7F2BA03D9700D0FD82 /* AlbumHeaderCollectionReusableView.swift in Sources */,
				13942E882BA03D9700D0FD82 /* RecommandedTracksCollectionViewCell.swift in Sources */,
				13E768E02BA03FE20045C810 /* ProfileViewController.swift in Sources */,
				13942E822BA03D9700D0FD82 /* PlaylistHeaderCollectionReusableView.swift in Sources */,
				13418DCE2B583BFD0039878B /* Playlist.swift in Sources */,
				13942E8F2BA03D9700D0FD82 /* MainViewControllerHeaderView.swift in Sources */,
				133BF8EA2B5ED74E00FEE43E /* PlaylistViewController.swift in Sources */,
				13418DA62B583BDF0039878B /* NetworkManager.swift in Sources */,
				13942EA22BA03DD700D0FD82 /* TrackResponse.swift in Sources */,
				13942E622BA03D7F00D0FD82 /* SearchResultViewController.swift in Sources */,
				13942E662BA03D7F00D0FD82 /* TabBarViewController.swift in Sources */,
				13942EA82BA03DD700D0FD82 /* User.swift in Sources */,
				13942E8E2BA03D9700D0FD82 /* SearchResultSongTableViewCell.swift in Sources */,
				13942EA92BA03DD700D0FD82 /* Artist.swift in Sources */,
				13942E812BA03D9700D0FD82 /* CollectionHeaderReusableView.swift in Sources */,
				13942E872BA03D9700D0FD82 /* NewReleasedAlbumCollectionViewCell.swift in Sources */,
				13942EAD2BA03DD700D0FD82 /* CategoryResponse.swift in Sources */,
				13942EA42BA03DD700D0FD82 /* AlbumDetails.swift in Sources */,
				13942EA12BA03DD700D0FD82 /* Track.swift in Sources */,
				13942E8B2BA03D9700D0FD82 /* LibraryAlbumTableViewCell.swift in Sources */,
				13942E862BA03D9700D0FD82 /* FeaturedPlaylistCollectionViewCell.swift in Sources */,
				13942EB22BA03E1100D0FD82 /* Protocols.swift in Sources */,
				13942E802BA03D9700D0FD82 /* ArtistHeaderCollectionReusableView.swift in Sources */,
				13942E852BA03D9700D0FD82 /* ArtistRecommandedCollectionViewCell.swift in Sources */,
				13942EA62BA03DD700D0FD82 /* SavedAlbum.swift in Sources */,
				13942EA32BA03DD700D0FD82 /* Album.swift in Sources */,
				13E769362BA4394D0045C810 /* AddToPlaylistViewController.swift in Sources */,
				13942E8A2BA03D9700D0FD82 /* CategoryCollectionViewCell.swift in Sources */,
				13E768DF2BA03FE20045C810 /* PlayerViewController.swift in Sources */,
				13942E652BA03D7F00D0FD82 /* LibraryViewController.swift in Sources */,
				13E768E12BA03FE20045C810 /* CategoryViewController.swift in Sources */,
				13418DB02B583BEF0039878B /* ArtistViewController.swift in Sources */,
				13418DE22B583CB40039878B /* AuthorizationResponse.swift in Sources */,
				13942EAC2BA03DD700D0FD82 /* Category.swift in Sources */,
				13942E632BA03D7F00D0FD82 /* SearchViewController.swift in Sources */,
				13942EA72BA03DD700D0FD82 /* SearchResultResponse.swift in Sources */,
				133BF8EE2B5EDB3D00FEE43E /* PlaylistItem.swift in Sources */,
				136B058C2B5835CF005128F1 /* AppDelegate.swift in Sources */,
				13942EB32BA03E1100D0FD82 /* Globals.swift in Sources */,
				133BF8EC2B5ED83C00FEE43E /* PlaylistDetails.swift in Sources */,
				136B058E2B5835CF005128F1 /* SceneDelegate.swift in Sources */,
				13418DB42B583BEF0039878B /* LoginViewController.swift in Sources */,
			);
			runOnlyForDeploymentPostprocessing = 0;
		};
/* End PBXSourcesBuildPhase section */

/* Begin PBXVariantGroup section */
		136B05962B5835D1005128F1 /* LaunchScreen.storyboard */ = {
			isa = PBXVariantGroup;
			children = (
				136B05972B5835D1005128F1 /* Base */,
			);
			name = LaunchScreen.storyboard;
			sourceTree = "<group>";
		};
/* End PBXVariantGroup section */

/* Begin XCBuildConfiguration section */
		136B059A2B5835D1005128F1 /* Debug */ = {
			isa = XCBuildConfiguration;
			buildSettings = {
				ALWAYS_SEARCH_USER_PATHS = NO;
				ASSETCATALOG_COMPILER_GENERATE_SWIFT_ASSET_SYMBOL_EXTENSIONS = YES;
				CLANG_ANALYZER_NONNULL = YES;
				CLANG_ANALYZER_NUMBER_OBJECT_CONVERSION = YES_AGGRESSIVE;
				CLANG_CXX_LANGUAGE_STANDARD = "gnu++20";
				CLANG_ENABLE_MODULES = YES;
				CLANG_ENABLE_OBJC_ARC = YES;
				CLANG_ENABLE_OBJC_WEAK = YES;
				CLANG_WARN_BLOCK_CAPTURE_AUTORELEASING = YES;
				CLANG_WARN_BOOL_CONVERSION = YES;
				CLANG_WARN_COMMA = YES;
				CLANG_WARN_CONSTANT_CONVERSION = YES;
				CLANG_WARN_DEPRECATED_OBJC_IMPLEMENTATIONS = YES;
				CLANG_WARN_DIRECT_OBJC_ISA_USAGE = YES_ERROR;
				CLANG_WARN_DOCUMENTATION_COMMENTS = YES;
				CLANG_WARN_EMPTY_BODY = YES;
				CLANG_WARN_ENUM_CONVERSION = YES;
				CLANG_WARN_INFINITE_RECURSION = YES;
				CLANG_WARN_INT_CONVERSION = YES;
				CLANG_WARN_NON_LITERAL_NULL_CONVERSION = YES;
				CLANG_WARN_OBJC_IMPLICIT_RETAIN_SELF = YES;
				CLANG_WARN_OBJC_LITERAL_CONVERSION = YES;
				CLANG_WARN_OBJC_ROOT_CLASS = YES_ERROR;
				CLANG_WARN_QUOTED_INCLUDE_IN_FRAMEWORK_HEADER = YES;
				CLANG_WARN_RANGE_LOOP_ANALYSIS = YES;
				CLANG_WARN_STRICT_PROTOTYPES = YES;
				CLANG_WARN_SUSPICIOUS_MOVE = YES;
				CLANG_WARN_UNGUARDED_AVAILABILITY = YES_AGGRESSIVE;
				CLANG_WARN_UNREACHABLE_CODE = YES;
				CLANG_WARN__DUPLICATE_METHOD_MATCH = YES;
				COPY_PHASE_STRIP = NO;
				DEBUG_INFORMATION_FORMAT = dwarf;
				ENABLE_STRICT_OBJC_MSGSEND = YES;
				ENABLE_TESTABILITY = YES;
				ENABLE_USER_SCRIPT_SANDBOXING = NO;
				GCC_C_LANGUAGE_STANDARD = gnu17;
				GCC_DYNAMIC_NO_PIC = NO;
				GCC_NO_COMMON_BLOCKS = YES;
				GCC_OPTIMIZATION_LEVEL = 0;
				GCC_PREPROCESSOR_DEFINITIONS = (
					"DEBUG=1",
					"$(inherited)",
				);
				GCC_WARN_64_TO_32_BIT_CONVERSION = YES;
				GCC_WARN_ABOUT_RETURN_TYPE = YES_ERROR;
				GCC_WARN_UNDECLARED_SELECTOR = YES;
				GCC_WARN_UNINITIALIZED_AUTOS = YES_AGGRESSIVE;
				GCC_WARN_UNUSED_FUNCTION = YES;
				GCC_WARN_UNUSED_VARIABLE = YES;
				IPHONEOS_DEPLOYMENT_TARGET = 17.2;
				LOCALIZATION_PREFERS_STRING_CATALOGS = YES;
				MTL_ENABLE_DEBUG_INFO = INCLUDE_SOURCE;
				MTL_FAST_MATH = YES;
				ONLY_ACTIVE_ARCH = YES;
				SDKROOT = iphoneos;
				SWIFT_ACTIVE_COMPILATION_CONDITIONS = "DEBUG $(inherited)";
				SWIFT_OPTIMIZATION_LEVEL = "-Onone";
			};
			name = Debug;
		};
		136B059B2B5835D1005128F1 /* Release */ = {
			isa = XCBuildConfiguration;
			buildSettings = {
				ALWAYS_SEARCH_USER_PATHS = NO;
				ASSETCATALOG_COMPILER_GENERATE_SWIFT_ASSET_SYMBOL_EXTENSIONS = YES;
				CLANG_ANALYZER_NONNULL = YES;
				CLANG_ANALYZER_NUMBER_OBJECT_CONVERSION = YES_AGGRESSIVE;
				CLANG_CXX_LANGUAGE_STANDARD = "gnu++20";
				CLANG_ENABLE_MODULES = YES;
				CLANG_ENABLE_OBJC_ARC = YES;
				CLANG_ENABLE_OBJC_WEAK = YES;
				CLANG_WARN_BLOCK_CAPTURE_AUTORELEASING = YES;
				CLANG_WARN_BOOL_CONVERSION = YES;
				CLANG_WARN_COMMA = YES;
				CLANG_WARN_CONSTANT_CONVERSION = YES;
				CLANG_WARN_DEPRECATED_OBJC_IMPLEMENTATIONS = YES;
				CLANG_WARN_DIRECT_OBJC_ISA_USAGE = YES_ERROR;
				CLANG_WARN_DOCUMENTATION_COMMENTS = YES;
				CLANG_WARN_EMPTY_BODY = YES;
				CLANG_WARN_ENUM_CONVERSION = YES;
				CLANG_WARN_INFINITE_RECURSION = YES;
				CLANG_WARN_INT_CONVERSION = YES;
				CLANG_WARN_NON_LITERAL_NULL_CONVERSION = YES;
				CLANG_WARN_OBJC_IMPLICIT_RETAIN_SELF = YES;
				CLANG_WARN_OBJC_LITERAL_CONVERSION = YES;
				CLANG_WARN_OBJC_ROOT_CLASS = YES_ERROR;
				CLANG_WARN_QUOTED_INCLUDE_IN_FRAMEWORK_HEADER = YES;
				CLANG_WARN_RANGE_LOOP_ANALYSIS = YES;
				CLANG_WARN_STRICT_PROTOTYPES = YES;
				CLANG_WARN_SUSPICIOUS_MOVE = YES;
				CLANG_WARN_UNGUARDED_AVAILABILITY = YES_AGGRESSIVE;
				CLANG_WARN_UNREACHABLE_CODE = YES;
				CLANG_WARN__DUPLICATE_METHOD_MATCH = YES;
				COPY_PHASE_STRIP = NO;
				DEBUG_INFORMATION_FORMAT = "dwarf-with-dsym";
				ENABLE_NS_ASSERTIONS = NO;
				ENABLE_STRICT_OBJC_MSGSEND = YES;
				ENABLE_USER_SCRIPT_SANDBOXING = NO;
				GCC_C_LANGUAGE_STANDARD = gnu17;
				GCC_NO_COMMON_BLOCKS = YES;
				GCC_WARN_64_TO_32_BIT_CONVERSION = YES;
				GCC_WARN_ABOUT_RETURN_TYPE = YES_ERROR;
				GCC_WARN_UNDECLARED_SELECTOR = YES;
				GCC_WARN_UNINITIALIZED_AUTOS = YES_AGGRESSIVE;
				GCC_WARN_UNUSED_FUNCTION = YES;
				GCC_WARN_UNUSED_VARIABLE = YES;
				IPHONEOS_DEPLOYMENT_TARGET = 17.2;
				LOCALIZATION_PREFERS_STRING_CATALOGS = YES;
				MTL_ENABLE_DEBUG_INFO = NO;
				MTL_FAST_MATH = YES;
				SDKROOT = iphoneos;
				SWIFT_COMPILATION_MODE = wholemodule;
				VALIDATE_PRODUCT = YES;
			};
			name = Release;
		};
		136B059D2B5835D1005128F1 /* Debug */ = {
			isa = XCBuildConfiguration;
			baseConfigurationReference = E9F036F68527EBE20BC99E47 /* Pods-Spotify_Clone.debug.xcconfig */;
			buildSettings = {
				ASSETCATALOG_COMPILER_APPICON_NAME = AppIcon;
				ASSETCATALOG_COMPILER_GLOBAL_ACCENT_COLOR_NAME = AccentColor;
				CODE_SIGN_STYLE = Automatic;
				CURRENT_PROJECT_VERSION = 1;
				DEVELOPMENT_TEAM = Z7G8SGG9FZ;
				GENERATE_INFOPLIST_FILE = YES;
				INFOPLIST_FILE = Spotify_Clone/Info.plist;
				INFOPLIST_KEY_UIApplicationSupportsIndirectInputEvents = YES;
				INFOPLIST_KEY_UILaunchStoryboardName = LaunchScreen;
				INFOPLIST_KEY_UIStatusBarStyle = UIStatusBarStyleDarkContent;
				INFOPLIST_KEY_UISupportedInterfaceOrientations = UIInterfaceOrientationPortrait;
				INFOPLIST_KEY_UISupportedInterfaceOrientations_iPad = "UIInterfaceOrientationLandscapeLeft UIInterfaceOrientationLandscapeRight UIInterfaceOrientationPortrait UIInterfaceOrientationPortraitUpsideDown";
				IPHONEOS_DEPLOYMENT_TARGET = 15.0;
				LD_RUNPATH_SEARCH_PATHS = (
					"$(inherited)",
					"@executable_path/Frameworks",
				);
				MARKETING_VERSION = 1.0;
				PRODUCT_BUNDLE_IDENTIFIER = "bearyCode.Spotify-Clone";
				PRODUCT_NAME = "$(TARGET_NAME)";
				SUPPORTED_PLATFORMS = "iphoneos iphonesimulator";
				SUPPORTS_MACCATALYST = NO;
				SUPPORTS_MAC_DESIGNED_FOR_IPHONE_IPAD = NO;
				SUPPORTS_XR_DESIGNED_FOR_IPHONE_IPAD = NO;
				SWIFT_EMIT_LOC_STRINGS = YES;
				SWIFT_VERSION = 5.0;
				TARGETED_DEVICE_FAMILY = 1;
			};
			name = Debug;
		};
		136B059E2B5835D1005128F1 /* Release */ = {
			isa = XCBuildConfiguration;
			baseConfigurationReference = BAFC1C6C1D25C222CC7EE964 /* Pods-Spotify_Clone.release.xcconfig */;
			buildSettings = {
				ASSETCATALOG_COMPILER_APPICON_NAME = AppIcon;
				ASSETCATALOG_COMPILER_GLOBAL_ACCENT_COLOR_NAME = AccentColor;
				CODE_SIGN_STYLE = Automatic;
				CURRENT_PROJECT_VERSION = 1;
				DEVELOPMENT_TEAM = Z7G8SGG9FZ;
				GENERATE_INFOPLIST_FILE = YES;
				INFOPLIST_FILE = Spotify_Clone/Info.plist;
				INFOPLIST_KEY_UIApplicationSupportsIndirectInputEvents = YES;
				INFOPLIST_KEY_UILaunchStoryboardName = LaunchScreen;
				INFOPLIST_KEY_UIStatusBarStyle = UIStatusBarStyleDarkContent;
				INFOPLIST_KEY_UISupportedInterfaceOrientations = UIInterfaceOrientationPortrait;
				INFOPLIST_KEY_UISupportedInterfaceOrientations_iPad = "UIInterfaceOrientationLandscapeLeft UIInterfaceOrientationLandscapeRight UIInterfaceOrientationPortrait UIInterfaceOrientationPortraitUpsideDown";
				IPHONEOS_DEPLOYMENT_TARGET = 15.0;
				LD_RUNPATH_SEARCH_PATHS = (
					"$(inherited)",
					"@executable_path/Frameworks",
				);
				MARKETING_VERSION = 1.0;
				PRODUCT_BUNDLE_IDENTIFIER = "bearyCode.Spotify-Clone";
				PRODUCT_NAME = "$(TARGET_NAME)";
				SUPPORTED_PLATFORMS = "iphoneos iphonesimulator";
				SUPPORTS_MACCATALYST = NO;
				SUPPORTS_MAC_DESIGNED_FOR_IPHONE_IPAD = NO;
				SUPPORTS_XR_DESIGNED_FOR_IPHONE_IPAD = NO;
				SWIFT_EMIT_LOC_STRINGS = YES;
				SWIFT_VERSION = 5.0;
				TARGETED_DEVICE_FAMILY = 1;
			};
			name = Release;
		};
/* End XCBuildConfiguration section */

/* Begin XCConfigurationList section */
		136B05832B5835CF005128F1 /* Build configuration list for PBXProject "Spotify_Clone" */ = {
			isa = XCConfigurationList;
			buildConfigurations = (
				136B059A2B5835D1005128F1 /* Debug */,
				136B059B2B5835D1005128F1 /* Release */,
			);
			defaultConfigurationIsVisible = 0;
			defaultConfigurationName = Release;
		};
		136B059C2B5835D1005128F1 /* Build configuration list for PBXNativeTarget "Spotify_Clone" */ = {
			isa = XCConfigurationList;
			buildConfigurations = (
				136B059D2B5835D1005128F1 /* Debug */,
				136B059E2B5835D1005128F1 /* Release */,
			);
			defaultConfigurationIsVisible = 0;
			defaultConfigurationName = Release;
		};
/* End XCConfigurationList section */
	};
	rootObject = 136B05802B5835CF005128F1 /* Project object */;
}
